// !$*UTF8*$!
{
	archiveVersion = 1;
	classes = {
	};
	objectVersion = 56;
	objects = {

/* Begin PBXBuildFile section */
		E9045B49299BF4AD00FF688A /* StoreModule.docc in Sources */ = {isa = PBXBuildFile; fileRef = E9045B48299BF4AD00FF688A /* StoreModule.docc */; };
		E9045B4F299BF4AD00FF688A /* StoreModule.framework in Frameworks */ = {isa = PBXBuildFile; fileRef = E9045B44299BF4AD00FF688A /* StoreModule.framework */; };
		E9045B54299BF4AD00FF688A /* StoreModuleTests.swift in Sources */ = {isa = PBXBuildFile; fileRef = E9045B53299BF4AD00FF688A /* StoreModuleTests.swift */; };
		E9045B55299BF4AD00FF688A /* StoreModule.h in Headers */ = {isa = PBXBuildFile; fileRef = E9045B47299BF4AD00FF688A /* StoreModule.h */; settings = {ATTRIBUTES = (Public, ); }; };
		E9045D10299C107200FF688A /* StoreViewController.swift in Sources */ = {isa = PBXBuildFile; fileRef = E9045D0E299C107200FF688A /* StoreViewController.swift */; };
		E9045D11299C107200FF688A /* StoreViewController.xib in Resources */ = {isa = PBXBuildFile; fileRef = E9045D0F299C107200FF688A /* StoreViewController.xib */; };
/* End PBXBuildFile section */

/* Begin PBXContainerItemProxy section */
		E9045B50299BF4AD00FF688A /* PBXContainerItemProxy */ = {
			isa = PBXContainerItemProxy;
			containerPortal = E9045B3B299BF4AD00FF688A /* Project object */;
			proxyType = 1;
			remoteGlobalIDString = E9045B43299BF4AD00FF688A;
			remoteInfo = StoreModule;
		};
/* End PBXContainerItemProxy section */

/* Begin PBXFileReference section */
		E9045B44299BF4AD00FF688A /* StoreModule.framework */ = {isa = PBXFileReference; explicitFileType = wrapper.framework; includeInIndex = 0; path = StoreModule.framework; sourceTree = BUILT_PRODUCTS_DIR; };
		E9045B47299BF4AD00FF688A /* StoreModule.h */ = {isa = PBXFileReference; lastKnownFileType = sourcecode.c.h; path = StoreModule.h; sourceTree = "<group>"; };
		E9045B48299BF4AD00FF688A /* StoreModule.docc */ = {isa = PBXFileReference; lastKnownFileType = folder.documentationcatalog; path = StoreModule.docc; sourceTree = "<group>"; };
		E9045B4E299BF4AD00FF688A /* StoreModuleTests.xctest */ = {isa = PBXFileReference; explicitFileType = wrapper.cfbundle; includeInIndex = 0; path = StoreModuleTests.xctest; sourceTree = BUILT_PRODUCTS_DIR; };
		E9045B53299BF4AD00FF688A /* StoreModuleTests.swift */ = {isa = PBXFileReference; lastKnownFileType = sourcecode.swift; path = StoreModuleTests.swift; sourceTree = "<group>"; };
		E9045D0E299C107200FF688A /* StoreViewController.swift */ = {isa = PBXFileReference; lastKnownFileType = sourcecode.swift; path = StoreViewController.swift; sourceTree = "<group>"; };
		E9045D0F299C107200FF688A /* StoreViewController.xib */ = {isa = PBXFileReference; lastKnownFileType = file.xib; path = StoreViewController.xib; sourceTree = "<group>"; };
/* End PBXFileReference section */

/* Begin PBXFrameworksBuildPhase section */
		E9045B41299BF4AD00FF688A /* Frameworks */ = {
			isa = PBXFrameworksBuildPhase;
			buildActionMask = 2147483647;
			files = (
			);
			runOnlyForDeploymentPostprocessing = 0;
		};
		E9045B4B299BF4AD00FF688A /* Frameworks */ = {
			isa = PBXFrameworksBuildPhase;
			buildActionMask = 2147483647;
			files = (
				E9045B4F299BF4AD00FF688A /* StoreModule.framework in Frameworks */,
			);
			runOnlyForDeploymentPostprocessing = 0;
		};
/* End PBXFrameworksBuildPhase section */

/* Begin PBXGroup section */
		E9045B3A299BF4AD00FF688A = {
			isa = PBXGroup;
			children = (
				E9045B46299BF4AD00FF688A /* StoreModule */,
				E9045B52299BF4AD00FF688A /* StoreModuleTests */,
				E9045B45299BF4AD00FF688A /* Products */,
			);
			sourceTree = "<group>";
		};
		E9045B45299BF4AD00FF688A /* Products */ = {
			isa = PBXGroup;
			children = (
				E9045B44299BF4AD00FF688A /* StoreModule.framework */,
				E9045B4E299BF4AD00FF688A /* StoreModuleTests.xctest */,
			);
			name = Products;
			sourceTree = "<group>";
		};
		E9045B46299BF4AD00FF688A /* StoreModule */ = {
			isa = PBXGroup;
			children = (
				E9045D0D299C105E00FF688A /* Scenes */,
				E9045B47299BF4AD00FF688A /* StoreModule.h */,
				E9045B48299BF4AD00FF688A /* StoreModule.docc */,
			);
			path = StoreModule;
			sourceTree = "<group>";
		};
		E9045B52299BF4AD00FF688A /* StoreModuleTests */ = {
			isa = PBXGroup;
			children = (
				E9045B53299BF4AD00FF688A /* StoreModuleTests.swift */,
			);
			path = StoreModuleTests;
			sourceTree = "<group>";
		};
		E9045D0D299C105E00FF688A /* Scenes */ = {
			isa = PBXGroup;
			children = (
				E9045D0E299C107200FF688A /* StoreViewController.swift */,
				E9045D0F299C107200FF688A /* StoreViewController.xib */,
			);
			path = Scenes;
			sourceTree = "<group>";
		};
/* End PBXGroup section */

/* Begin PBXHeadersBuildPhase section */
		E9045B3F299BF4AD00FF688A /* Headers */ = {
			isa = PBXHeadersBuildPhase;
			buildActionMask = 2147483647;
			files = (
				E9045B55299BF4AD00FF688A /* StoreModule.h in Headers */,
			);
			runOnlyForDeploymentPostprocessing = 0;
		};
/* End PBXHeadersBuildPhase section */

/* Begin PBXNativeTarget section */
		E9045B43299BF4AD00FF688A /* StoreModule */ = {
			isa = PBXNativeTarget;
			buildConfigurationList = E9045B58299BF4AD00FF688A /* Build configuration list for PBXNativeTarget "StoreModule" */;
			buildPhases = (
				E9045B3F299BF4AD00FF688A /* Headers */,
				E9045B40299BF4AD00FF688A /* Sources */,
				E9045B41299BF4AD00FF688A /* Frameworks */,
				E9045B42299BF4AD00FF688A /* Resources */,
			);
			buildRules = (
			);
			dependencies = (
			);
			name = StoreModule;
			productName = StoreModule;
			productReference = E9045B44299BF4AD00FF688A /* StoreModule.framework */;
			productType = "com.apple.product-type.framework";
		};
		E9045B4D299BF4AD00FF688A /* StoreModuleTests */ = {
			isa = PBXNativeTarget;
			buildConfigurationList = E9045B5B299BF4AD00FF688A /* Build configuration list for PBXNativeTarget "StoreModuleTests" */;
			buildPhases = (
				E9045B4A299BF4AD00FF688A /* Sources */,
				E9045B4B299BF4AD00FF688A /* Frameworks */,
				E9045B4C299BF4AD00FF688A /* Resources */,
			);
			buildRules = (
			);
			dependencies = (
				E9045B51299BF4AD00FF688A /* PBXTargetDependency */,
			);
			name = StoreModuleTests;
			productName = StoreModuleTests;
			productReference = E9045B4E299BF4AD00FF688A /* StoreModuleTests.xctest */;
			productType = "com.apple.product-type.bundle.unit-test";
		};
/* End PBXNativeTarget section */

/* Begin PBXProject section */
		E9045B3B299BF4AD00FF688A /* Project object */ = {
			isa = PBXProject;
			attributes = {
				BuildIndependentTargetsInParallel = 1;
				LastSwiftUpdateCheck = 1420;
				LastUpgradeCheck = 1420;
				TargetAttributes = {
					E9045B43299BF4AD00FF688A = {
						CreatedOnToolsVersion = 14.2;
					};
					E9045B4D299BF4AD00FF688A = {
						CreatedOnToolsVersion = 14.2;
					};
				};
			};
			buildConfigurationList = E9045B3E299BF4AD00FF688A /* Build configuration list for PBXProject "StoreModule" */;
			compatibilityVersion = "Xcode 14.0";
			developmentRegion = en;
			hasScannedForEncodings = 0;
			knownRegions = (
				en,
				Base,
			);
			mainGroup = E9045B3A299BF4AD00FF688A;
			productRefGroup = E9045B45299BF4AD00FF688A /* Products */;
			projectDirPath = "";
			projectRoot = "";
			targets = (
				E9045B43299BF4AD00FF688A /* StoreModule */,
				E9045B4D299BF4AD00FF688A /* StoreModuleTests */,
			);
		};
/* End PBXProject section */

/* Begin PBXResourcesBuildPhase section */
		E9045B42299BF4AD00FF688A /* Resources */ = {
			isa = PBXResourcesBuildPhase;
			buildActionMask = 2147483647;
			files = (
				E9045D11299C107200FF688A /* StoreViewController.xib in Resources */,
			);
			runOnlyForDeploymentPostprocessing = 0;
		};
		E9045B4C299BF4AD00FF688A /* Resources */ = {
			isa = PBXResourcesBuildPhase;
			buildActionMask = 2147483647;
			files = (
			);
			runOnlyForDeploymentPostprocessing = 0;
		};
/* End PBXResourcesBuildPhase section */

/* Begin PBXSourcesBuildPhase section */
		E9045B40299BF4AD00FF688A /* Sources */ = {
			isa = PBXSourcesBuildPhase;
			buildActionMask = 2147483647;
			files = (
				E9045D10299C107200FF688A /* StoreViewController.swift in Sources */,
				E9045B49299BF4AD00FF688A /* StoreModule.docc in Sources */,
			);
			runOnlyForDeploymentPostprocessing = 0;
		};
		E9045B4A299BF4AD00FF688A /* Sources */ = {
			isa = PBXSourcesBuildPhase;
			buildActionMask = 2147483647;
			files = (
				E9045B54299BF4AD00FF688A /* StoreModuleTests.swift in Sources */,
			);
			runOnlyForDeploymentPostprocessing = 0;
		};
/* End PBXSourcesBuildPhase section */

/* Begin PBXTargetDependency section */
		E9045B51299BF4AD00FF688A /* PBXTargetDependency */ = {
			isa = PBXTargetDependency;
			target = E9045B43299BF4AD00FF688A /* StoreModule */;
			targetProxy = E9045B50299BF4AD00FF688A /* PBXContainerItemProxy */;
		};
/* End PBXTargetDependency section */

/* Begin XCBuildConfiguration section */
		E9045B56299BF4AD00FF688A /* Debug */ = {
			isa = XCBuildConfiguration;
			buildSettings = {
				ALWAYS_SEARCH_USER_PATHS = NO;
				CLANG_ANALYZER_NONNULL = YES;
				CLANG_ANALYZER_NUMBER_OBJECT_CONVERSION = YES_AGGRESSIVE;
				CLANG_CXX_LANGUAGE_STANDARD = "gnu++20";
				CLANG_ENABLE_MODULES = YES;
				CLANG_ENABLE_OBJC_ARC = YES;
				CLANG_ENABLE_OBJC_WEAK = YES;
				CLANG_WARN_BLOCK_CAPTURE_AUTORELEASING = YES;
				CLANG_WARN_BOOL_CONVERSION = YES;
				CLANG_WARN_COMMA = YES;
				CLANG_WARN_CONSTANT_CONVERSION = YES;
				CLANG_WARN_DEPRECATED_OBJC_IMPLEMENTATIONS = YES;
				CLANG_WARN_DIRECT_OBJC_ISA_USAGE = YES_ERROR;
				CLANG_WARN_DOCUMENTATION_COMMENTS = YES;
				CLANG_WARN_EMPTY_BODY = YES;
				CLANG_WARN_ENUM_CONVERSION = YES;
				CLANG_WARN_INFINITE_RECURSION = YES;
				CLANG_WARN_INT_CONVERSION = YES;
				CLANG_WARN_NON_LITERAL_NULL_CONVERSION = YES;
				CLANG_WARN_OBJC_IMPLICIT_RETAIN_SELF = YES;
				CLANG_WARN_OBJC_LITERAL_CONVERSION = YES;
				CLANG_WARN_OBJC_ROOT_CLASS = YES_ERROR;
				CLANG_WARN_QUOTED_INCLUDE_IN_FRAMEWORK_HEADER = YES;
				CLANG_WARN_RANGE_LOOP_ANALYSIS = YES;
				CLANG_WARN_STRICT_PROTOTYPES = YES;
				CLANG_WARN_SUSPICIOUS_MOVE = YES;
				CLANG_WARN_UNGUARDED_AVAILABILITY = YES_AGGRESSIVE;
				CLANG_WARN_UNREACHABLE_CODE = YES;
				CLANG_WARN__DUPLICATE_METHOD_MATCH = YES;
				COPY_PHASE_STRIP = NO;
				CURRENT_PROJECT_VERSION = 1;
				DEBUG_INFORMATION_FORMAT = dwarf;
				ENABLE_STRICT_OBJC_MSGSEND = YES;
				ENABLE_TESTABILITY = YES;
				GCC_C_LANGUAGE_STANDARD = gnu11;
				GCC_DYNAMIC_NO_PIC = NO;
				GCC_NO_COMMON_BLOCKS = YES;
				GCC_OPTIMIZATION_LEVEL = 0;
				GCC_PREPROCESSOR_DEFINITIONS = (
					"DEBUG=1",
					"$(inherited)",
				);
				GCC_WARN_64_TO_32_BIT_CONVERSION = YES;
				GCC_WARN_ABOUT_RETURN_TYPE = YES_ERROR;
				GCC_WARN_UNDECLARED_SELECTOR = YES;
				GCC_WARN_UNINITIALIZED_AUTOS = YES_AGGRESSIVE;
				GCC_WARN_UNUSED_FUNCTION = YES;
				GCC_WARN_UNUSED_VARIABLE = YES;
				IPHONEOS_DEPLOYMENT_TARGET = 16.2;
				MTL_ENABLE_DEBUG_INFO = INCLUDE_SOURCE;
				MTL_FAST_MATH = YES;
				ONLY_ACTIVE_ARCH = YES;
				SDKROOT = iphoneos;
				SWIFT_ACTIVE_COMPILATION_CONDITIONS = DEBUG;
				SWIFT_OPTIMIZATION_LEVEL = "-Onone";
				VERSIONING_SYSTEM = "apple-generic";
				VERSION_INFO_PREFIX = "";
			};
			name = Debug;
		};
		E9045B57299BF4AD00FF688A /* Release */ = {
			isa = XCBuildConfiguration;
			buildSettings = {
				ALWAYS_SEARCH_USER_PATHS = NO;
				CLANG_ANALYZER_NONNULL = YES;
				CLANG_ANALYZER_NUMBER_OBJECT_CONVERSION = YES_AGGRESSIVE;
				CLANG_CXX_LANGUAGE_STANDARD = "gnu++20";
				CLANG_ENABLE_MODULES = YES;
				CLANG_ENABLE_OBJC_ARC = YES;
				CLANG_ENABLE_OBJC_WEAK = YES;
				CLANG_WARN_BLOCK_CAPTURE_AUTORELEASING = YES;
				CLANG_WARN_BOOL_CONVERSION = YES;
				CLANG_WARN_COMMA = YES;
				CLANG_WARN_CONSTANT_CONVERSION = YES;
				CLANG_WARN_DEPRECATED_OBJC_IMPLEMENTATIONS = YES;
				CLANG_WARN_DIRECT_OBJC_ISA_USAGE = YES_ERROR;
				CLANG_WARN_DOCUMENTATION_COMMENTS = YES;
				CLANG_WARN_EMPTY_BODY = YES;
				CLANG_WARN_ENUM_CONVERSION = YES;
				CLANG_WARN_INFINITE_RECURSION = YES;
				CLANG_WARN_INT_CONVERSION = YES;
				CLANG_WARN_NON_LITERAL_NULL_CONVERSION = YES;
				CLANG_WARN_OBJC_IMPLICIT_RETAIN_SELF = YES;
				CLANG_WARN_OBJC_LITERAL_CONVERSION = YES;
				CLANG_WARN_OBJC_ROOT_CLASS = YES_ERROR;
				CLANG_WARN_QUOTED_INCLUDE_IN_FRAMEWORK_HEADER = YES;
				CLANG_WARN_RANGE_LOOP_ANALYSIS = YES;
				CLANG_WARN_STRICT_PROTOTYPES = YES;
				CLANG_WARN_SUSPICIOUS_MOVE = YES;
				CLANG_WARN_UNGUARDED_AVAILABILITY = YES_AGGRESSIVE;
				CLANG_WARN_UNREACHABLE_CODE = YES;
				CLANG_WARN__DUPLICATE_METHOD_MATCH = YES;
				COPY_PHASE_STRIP = NO;
				CURRENT_PROJECT_VERSION = 1;
				DEBUG_INFORMATION_FORMAT = "dwarf-with-dsym";
				ENABLE_NS_ASSERTIONS = NO;
				ENABLE_STRICT_OBJC_MSGSEND = YES;
				GCC_C_LANGUAGE_STANDARD = gnu11;
				GCC_NO_COMMON_BLOCKS = YES;
				GCC_WARN_64_TO_32_BIT_CONVERSION = YES;
				GCC_WARN_ABOUT_RETURN_TYPE = YES_ERROR;
				GCC_WARN_UNDECLARED_SELECTOR = YES;
				GCC_WARN_UNINITIALIZED_AUTOS = YES_AGGRESSIVE;
				GCC_WARN_UNUSED_FUNCTION = YES;
				GCC_WARN_UNUSED_VARIABLE = YES;
				IPHONEOS_DEPLOYMENT_TARGET = 16.2;
				MTL_ENABLE_DEBUG_INFO = NO;
				MTL_FAST_MATH = YES;
				SDKROOT = iphoneos;
				SWIFT_COMPILATION_MODE = wholemodule;
				SWIFT_OPTIMIZATION_LEVEL = "-O";
				VALIDATE_PRODUCT = YES;
				VERSIONING_SYSTEM = "apple-generic";
				VERSION_INFO_PREFIX = "";
			};
			name = Release;
		};
		E9045B59299BF4AD00FF688A /* Debug */ = {
			isa = XCBuildConfiguration;
			buildSettings = {
				CODE_SIGN_STYLE = Automatic;
				CURRENT_PROJECT_VERSION = 1;
				DEFINES_MODULE = YES;
				DEVELOPMENT_TEAM = 77H8P22UE4;
				DYLIB_COMPATIBILITY_VERSION = 1;
				DYLIB_CURRENT_VERSION = 1;
				DYLIB_INSTALL_NAME_BASE = "@rpath";
				GENERATE_INFOPLIST_FILE = YES;
				INFOPLIST_KEY_NSHumanReadableCopyright = "";
				INSTALL_PATH = "$(LOCAL_LIBRARY_DIR)/Frameworks";
				LD_RUNPATH_SEARCH_PATHS = (
					"$(inherited)",
					"@executable_path/Frameworks",
					"@loader_path/Frameworks",
				);
				MARKETING_VERSION = 1.0;
				PRODUCT_BUNDLE_IDENTIFIER = al.StoreModule;
				PRODUCT_NAME = "$(TARGET_NAME:c99extidentifier)";
				SKIP_INSTALL = YES;
				SWIFT_EMIT_LOC_STRINGS = YES;
				SWIFT_VERSION = 5.0;
				TARGETED_DEVICE_FAMILY = "1,2";
			};
			name = Debug;
		};
		E9045B5A299BF4AD00FF688A /* Release */ = {
			isa = XCBuildConfiguration;
			buildSettings = {
				CODE_SIGN_STYLE = Automatic;
				CURRENT_PROJECT_VERSION = 1;
				DEFINES_MODULE = YES;
				DEVELOPMENT_TEAM = 77H8P22UE4;
				DYLIB_COMPATIBILITY_VERSION = 1;
				DYLIB_CURRENT_VERSION = 1;
				DYLIB_INSTALL_NAME_BASE = "@rpath";
				GENERATE_INFOPLIST_FILE = YES;
				INFOPLIST_KEY_NSHumanReadableCopyright = "";
				INSTALL_PATH = "$(LOCAL_LIBRARY_DIR)/Frameworks";
				LD_RUNPATH_SEARCH_PATHS = (
					"$(inherited)",
					"@executable_path/Frameworks",
					"@loader_path/Frameworks",
				);
				MARKETING_VERSION = 1.0;
				PRODUCT_BUNDLE_IDENTIFIER = al.StoreModule;
				PRODUCT_NAME = "$(TARGET_NAME:c99extidentifier)";
				SKIP_INSTALL = YES;
				SWIFT_EMIT_LOC_STRINGS = YES;
				SWIFT_VERSION = 5.0;
				TARGETED_DEVICE_FAMILY = "1,2";
			};
			name = Release;
		};
		E9045B5C299BF4AD00FF688A /* Debug */ = {
			isa = XCBuildConfiguration;
			buildSettings = {
				ALWAYS_EMBED_SWIFT_STANDARD_LIBRARIES = YES;
				CODE_SIGN_STYLE = Automatic;
				CURRENT_PROJECT_VERSION = 1;
				DEVELOPMENT_TEAM = 77H8P22UE4;
				GENERATE_INFOPLIST_FILE = YES;
				MARKETING_VERSION = 1.0;
				PRODUCT_BUNDLE_IDENTIFIER = al.StoreModuleTests;
				PRODUCT_NAME = "$(TARGET_NAME)";
				SWIFT_EMIT_LOC_STRINGS = NO;
				SWIFT_VERSION = 5.0;
				TARGETED_DEVICE_FAMILY = "1,2";
			};
			name = Debug;
		};
		E9045B5D299BF4AD00FF688A /* Release */ = {
			isa = XCBuildConfiguration;
			buildSettings = {
				ALWAYS_EMBED_SWIFT_STANDARD_LIBRARIES = YES;
				CODE_SIGN_STYLE = Automatic;
				CURRENT_PROJECT_VERSION = 1;
				DEVELOPMENT_TEAM = 77H8P22UE4;
				GENERATE_INFOPLIST_FILE = YES;
				MARKETING_VERSION = 1.0;
				PRODUCT_BUNDLE_IDENTIFIER = al.StoreModuleTests;
				PRODUCT_NAME = "$(TARGET_NAME)";
				SWIFT_EMIT_LOC_STRINGS = NO;
				SWIFT_VERSION = 5.0;
				TARGETED_DEVICE_FAMILY = "1,2";
			};
			name = Release;
		};
/* End XCBuildConfiguration section */

/* Begin XCConfigurationList section */
		E9045B3E299BF4AD00FF688A /* Build configuration list for PBXProject "StoreModule" */ = {
			isa = XCConfigurationList;
			buildConfigurations = (
				E9045B56299BF4AD00FF688A /* Debug */,
				E9045B57299BF4AD00FF688A /* Release */,
			);
			defaultConfigurationIsVisible = 0;
			defaultConfigurationName = Release;
		};
		E9045B58299BF4AD00FF688A /* Build configuration list for PBXNativeTarget "StoreModule" */ = {
			isa = XCConfigurationList;
			buildConfigurations = (
				E9045B59299BF4AD00FF688A /* Debug */,
				E9045B5A299BF4AD00FF688A /* Release */,
			);
			defaultConfigurationIsVisible = 0;
			defaultConfigurationName = Release;
		};
		E9045B5B299BF4AD00FF688A /* Build configuration list for PBXNativeTarget "StoreModuleTests" */ = {
			isa = XCConfigurationList;
			buildConfigurations = (
				E9045B5C299BF4AD00FF688A /* Debug */,
				E9045B5D299BF4AD00FF688A /* Release */,
			);
			defaultConfigurationIsVisible = 0;
			defaultConfigurationName = Release;
		};
/* End XCConfigurationList section */
	};
	rootObject = E9045B3B299BF4AD00FF688A /* Project object */;
}
